
Microsoft Visual Studio Solution File, Format Version 12.00
# Visual Studio Version 16
VisualStudioVersion = 16.0.30804.86
MinimumVisualStudioVersion = 10.0.40219.1
Project("{FAE04EC0-301F-11D3-BF4B-00C04F79EFBC}") = "StudentAttendanceManagement", "StudentAttendanceManagement\StudentAttendanceManagement.csproj", "{D45A6F0A-78E9-48EC-8DF9-2C8A6FE42553}"
EndProject
Global
	GlobalSection(SolutionConfigurationPlatforms) = preSolution
		Debug|Any CPU = Debug|Any CPU
		Release|Any CPU = Release|Any CPU
	EndGlobalSection
	GlobalSection(ProjectConfigurationPlatforms) = postSolution
		{D45A6F0A-78E9-48EC-8DF9-2C8A6FE42553}.Debug|Any CPU.ActiveCfg = Debug|Any CPU
		{D45A6F0A-78E9-48EC-8DF9-2C8A6FE42553}.Debug|Any CPU.Build.0 = Debug|Any CPU
		{D45A6F0A-78E9-48EC-8DF9-2C8A6FE42553}.Release|Any CPU.ActiveCfg = Release|Any CPU
		{D45A6F0A-78E9-48EC-8DF9-2C8A6FE42553}.Release|Any CPU.Build.0 = Release|Any CPU
	EndGlobalSection
	GlobalSection(SolutionProperties) = preSolution
		HideSolutionNode = FALSE
	EndGlobalSection
	GlobalSection(ExtensibilityGlobals) = postSolution
		SolutionGuid = {DEA0796A-175C-4358-9D30-E4D748D79E16}
	EndGlobalSection
EndGlobal
