
Microsoft Visual Studio Solution File, Format Version 12.00
# Visual Studio Version 16
VisualStudioVersion = 16.0.30717.126
MinimumVisualStudioVersion = 10.0.40219.1
Project("{FAE04EC0-301F-11D3-BF4B-00C04F79EFBC}") = "Attendance", "Attendance.csproj", "{9B76FC0A-0373-4976-AB1E-E422E32E6115}"
EndProject
Global
	GlobalSection(SolutionConfigurationPlatforms) = preSolution
		Debug|Any CPU = Debug|Any CPU
		Release|Any CPU = Release|Any CPU
	EndGlobalSection
	GlobalSection(ProjectConfigurationPlatforms) = postSolution
		{9B76FC0A-0373-4976-AB1E-E422E32E6115}.Debug|Any CPU.ActiveCfg = Debug|Any CPU
		{9B76FC0A-0373-4976-AB1E-E422E32E6115}.Debug|Any CPU.Build.0 = Debug|Any CPU
		{9B76FC0A-0373-4976-AB1E-E422E32E6115}.Release|Any CPU.ActiveCfg = Release|Any CPU
		{9B76FC0A-0373-4976-AB1E-E422E32E6115}.Release|Any CPU.Build.0 = Release|Any CPU
	EndGlobalSection
	GlobalSection(SolutionProperties) = preSolution
		HideSolutionNode = FALSE
	EndGlobalSection
	GlobalSection(ExtensibilityGlobals) = postSolution
		SolutionGuid = {4E23B701-1FD3-4EDC-A033-D4B3313A6BFE}
	EndGlobalSection
EndGlobal
